
Microsoft Visual Studio Solution File, Format Version 12.00
# Visual Studio Version 17
VisualStudioVersion = 17.11.35312.102
MinimumVisualStudioVersion = 10.0.40219.1
Project("{FAE04EC0-301F-11D3-BF4B-00C04F79EFBC}") = "Buoi5_WinForms", "Buoi5_WinForms\Buoi5_WinForms.csproj", "{88EC4BE5-E2C2-4F65-A5D1-DA743D38B476}"
EndProject
Global
	GlobalSection(SolutionConfigurationPlatforms) = preSolution
		Debug|Any CPU = Debug|Any CPU
		Release|Any CPU = Release|Any CPU
	EndGlobalSection
	GlobalSection(ProjectConfigurationPlatforms) = postSolution
		{88EC4BE5-E2C2-4F65-A5D1-DA743D38B476}.Debug|Any CPU.ActiveCfg = Debug|Any CPU
		{88EC4BE5-E2C2-4F65-A5D1-DA743D38B476}.Debug|Any CPU.Build.0 = Debug|Any CPU
		{88EC4BE5-E2C2-4F65-A5D1-DA743D38B476}.Release|Any CPU.ActiveCfg = Release|Any CPU
		{88EC4BE5-E2C2-4F65-A5D1-DA743D38B476}.Release|Any CPU.Build.0 = Release|Any CPU
	EndGlobalSection
	GlobalSection(SolutionProperties) = preSolution
		HideSolutionNode = FALSE
	EndGlobalSection
	GlobalSection(ExtensibilityGlobals) = postSolution
		SolutionGuid = {00E3CF8D-FE2B-4B0F-84CD-08FB2345E36E}
	EndGlobalSection
EndGlobal
